{
  "lockfileVersion": 1,
  "workspaces": {
    "": {
      "name": "email-notify",
      "dependencies": {
        "nodemailer": "^8.0.5",
      },
      "devDependencies": {
        "@types/nodemailer": "^8.0.0",
      },
    },
  },
  "packages": {
    "@types/node": ["@types/node@25.5.2", "http://ued.zuoyebang.cc:80/@types%2fnode/-/node-25.5.2.tgz", { "dependencies": { "undici-types": "~7.18.0" } }, "sha512-tO4ZIRKNC+MDWV4qKVZe3Ql/woTnmHDr5JD8UI5hn2pwBrHEwOEMZK7WlNb5RKB6EoJ02gwmQS9OrjuFnZYdpg=="],

    "@types/nodemailer": ["@types/nodemailer@8.0.0", "http://ued.zuoyebang.cc:80/@types%2fnodemailer/-/nodemailer-8.0.0.tgz", { "dependencies": { "@types/node": "*" } }, "sha512-fyf8jWULsCo0d0BuoQ75i6IeoHs47qcqxWc7yUdUcV0pOZGjUTTOvwdG1PRXUDqN/8A64yQdQdnA2pZgcdi+cA=="],

    "nodemailer": ["nodemailer@8.0.5", "http://ued.zuoyebang.cc:80/nodemailer/-/nodemailer-8.0.5.tgz", {}, "sha512-0PF8Yb1yZuQfQbq+5/pZJrtF6WQcjTd5/S4JOHs9PGFxuTqoB/icwuB44pOdURHJbRKX1PPoJZtY7R4VUoCC8w=="],

    "undici-types": ["undici-types@7.18.2", "http://ued.zuoyebang.cc:80/undici-types/-/undici-types-7.18.2.tgz", {}, "sha512-AsuCzffGHJybSaRrmr5eHr81mwJU3kjw6M+uprWvCXiNeN9SOGwQ3Jn8jb8m3Z6izVgknn1R0FTCEAP2QrLY/w=="],
  }
}
